
Microsoft Visual Studio Solution File, Format Version 12.00
# Visual Studio Version 17
VisualStudioVersion = 17.8.34511.84
MinimumVisualStudioVersion = 10.0.40219.1
Project("{FAE04EC0-301F-11D3-BF4B-00C04F79EFBC}") = "RentAVehicleApp", "RentAVehicleApp\RentAVehicleApp.csproj", "{ED472AE9-CDB5-4165-9125-837F09F85BA3}"
EndProject
Global
	GlobalSection(SolutionConfigurationPlatforms) = preSolution
		Debug|Any CPU = Debug|Any CPU
		Release|Any CPU = Release|Any CPU
	EndGlobalSection
	GlobalSection(ProjectConfigurationPlatforms) = postSolution
		{ED472AE9-CDB5-4165-9125-837F09F85BA3}.Debug|Any CPU.ActiveCfg = Debug|Any CPU
		{ED472AE9-CDB5-4165-9125-837F09F85BA3}.Debug|Any CPU.Build.0 = Debug|Any CPU
		{ED472AE9-CDB5-4165-9125-837F09F85BA3}.Release|Any CPU.ActiveCfg = Release|Any CPU
		{ED472AE9-CDB5-4165-9125-837F09F85BA3}.Release|Any CPU.Build.0 = Release|Any CPU
	EndGlobalSection
	GlobalSection(SolutionProperties) = preSolution
		HideSolutionNode = FALSE
	EndGlobalSection
	GlobalSection(ExtensibilityGlobals) = postSolution
		SolutionGuid = {750F4C3E-36BC-4A46-AE5D-D2088E46A571}
	EndGlobalSection
EndGlobal
